
Microsoft Visual Studio Solution File, Format Version 12.00
# Visual Studio Version 17
VisualStudioVersion = 17.4.33213.308
MinimumVisualStudioVersion = 10.0.40219.1
Project("{FAE04EC0-301F-11D3-BF4B-00C04F79EFBC}") = "TelegramAiBot", "TelegramAiBot\TelegramAiBot.csproj", "{AC930019-0CCA-4C9C-90A1-9C204306E2E2}"
EndProject
Global
	GlobalSection(SolutionConfigurationPlatforms) = preSolution
		Debug|Any CPU = Debug|Any CPU
		Release|Any CPU = Release|Any CPU
	EndGlobalSection
	GlobalSection(ProjectConfigurationPlatforms) = postSolution
		{AC930019-0CCA-4C9C-90A1-9C204306E2E2}.Debug|Any CPU.ActiveCfg = Debug|Any CPU
		{AC930019-0CCA-4C9C-90A1-9C204306E2E2}.Debug|Any CPU.Build.0 = Debug|Any CPU
		{AC930019-0CCA-4C9C-90A1-9C204306E2E2}.Release|Any CPU.ActiveCfg = Release|Any CPU
		{AC930019-0CCA-4C9C-90A1-9C204306E2E2}.Release|Any CPU.Build.0 = Release|Any CPU
	EndGlobalSection
	GlobalSection(SolutionProperties) = preSolution
		HideSolutionNode = FALSE
	EndGlobalSection
	GlobalSection(ExtensibilityGlobals) = postSolution
		SolutionGuid = {FB3B5BE6-E827-44E2-AB99-903298332FC7}
	EndGlobalSection
EndGlobal
